
Microsoft Visual Studio Solution File, Format Version 12.00
# Visual Studio Version 17
VisualStudioVersion = 17.9.34701.34
MinimumVisualStudioVersion = 10.0.40219.1
Project("{FAE04EC0-301F-11D3-BF4B-00C04F79EFBC}") = "Mi Cuarta Chamba", "Mi Cuarta Chamba\Mi Cuarta Chamba.csproj", "{2D025480-2728-4B63-86A5-86E57E72C77E}"
EndProject
Project("{FAE04EC0-301F-11D3-BF4B-00C04F79EFBC}") = "Mi Quinta Chamba", "Mi Quinta Chamba\Mi Quinta Chamba.csproj", "{410F406B-D5CD-4142-93BA-1F54C2FBC7A4}"
EndProject
Global
	GlobalSection(SolutionConfigurationPlatforms) = preSolution
		Debug|Any CPU = Debug|Any CPU
		Release|Any CPU = Release|Any CPU
	EndGlobalSection
	GlobalSection(ProjectConfigurationPlatforms) = postSolution
		{2D025480-2728-4B63-86A5-86E57E72C77E}.Debug|Any CPU.ActiveCfg = Debug|Any CPU
		{2D025480-2728-4B63-86A5-86E57E72C77E}.Debug|Any CPU.Build.0 = Debug|Any CPU
		{2D025480-2728-4B63-86A5-86E57E72C77E}.Release|Any CPU.ActiveCfg = Release|Any CPU
		{2D025480-2728-4B63-86A5-86E57E72C77E}.Release|Any CPU.Build.0 = Release|Any CPU
		{410F406B-D5CD-4142-93BA-1F54C2FBC7A4}.Debug|Any CPU.ActiveCfg = Debug|Any CPU
		{410F406B-D5CD-4142-93BA-1F54C2FBC7A4}.Debug|Any CPU.Build.0 = Debug|Any CPU
		{410F406B-D5CD-4142-93BA-1F54C2FBC7A4}.Release|Any CPU.ActiveCfg = Release|Any CPU
		{410F406B-D5CD-4142-93BA-1F54C2FBC7A4}.Release|Any CPU.Build.0 = Release|Any CPU
	EndGlobalSection
	GlobalSection(SolutionProperties) = preSolution
		HideSolutionNode = FALSE
	EndGlobalSection
	GlobalSection(ExtensibilityGlobals) = postSolution
		SolutionGuid = {AA72F6BF-482F-44C7-8578-7430A9057854}
	EndGlobalSection
EndGlobal
