
Microsoft Visual Studio Solution File, Format Version 12.00
# Visual Studio Version 17
VisualStudioVersion = 17.9.34701.34
MinimumVisualStudioVersion = 10.0.40219.1
Project("{FAE04EC0-301F-11D3-BF4B-00C04F79EFBC}") = "Mi Tercera Chamba", "Mi Tercera Chamba\Mi Tercera Chamba.csproj", "{A000556F-C178-4B84-A6D5-DD3D7ADBAA0B}"
EndProject
Global
	GlobalSection(SolutionConfigurationPlatforms) = preSolution
		Debug|Any CPU = Debug|Any CPU
		Release|Any CPU = Release|Any CPU
	EndGlobalSection
	GlobalSection(ProjectConfigurationPlatforms) = postSolution
		{A000556F-C178-4B84-A6D5-DD3D7ADBAA0B}.Debug|Any CPU.ActiveCfg = Debug|Any CPU
		{A000556F-C178-4B84-A6D5-DD3D7ADBAA0B}.Debug|Any CPU.Build.0 = Debug|Any CPU
		{A000556F-C178-4B84-A6D5-DD3D7ADBAA0B}.Release|Any CPU.ActiveCfg = Release|Any CPU
		{A000556F-C178-4B84-A6D5-DD3D7ADBAA0B}.Release|Any CPU.Build.0 = Release|Any CPU
	EndGlobalSection
	GlobalSection(SolutionProperties) = preSolution
		HideSolutionNode = FALSE
	EndGlobalSection
	GlobalSection(ExtensibilityGlobals) = postSolution
		SolutionGuid = {6A6B1A2A-07D6-47D1-9EED-5FE11DDC1F75}
	EndGlobalSection
EndGlobal
